Microsoft Visual Studio Solution File, Format Version 10.00
# Visual Studio 2008

Project("{351CBAC1-4F29-B0DC-D3E5-31713367689D}") = "WSSample", "Assembly-CSharp-firstpass.csproj", "{A1C79457-16EF-2A33-82A3-1CDC5BC0E535}"
EndProject
Project("{351CBAC1-4F29-B0DC-D3E5-31713367689D}") = "WSSample", "Assembly-UnityScript.unityproj", "{975EFBEC-2559-8240-C7B0-0744725D746F}"
EndProject
Global
	GlobalSection(SolutionConfigurationPlatforms) = preSolution
		Debug|Any CPU = Debug|Any CPU
		Release|Any CPU = Release|Any CPU
	EndGlobalSection
	GlobalSection(ProjectConfigurationPlatforms) = postSolution
		{A1C79457-16EF-2A33-82A3-1CDC5BC0E535}.Debug|Any CPU.ActiveCfg = Debug|Any CPU
		{A1C79457-16EF-2A33-82A3-1CDC5BC0E535}.Debug|Any CPU.Build.0 = Debug|Any CPU
		{A1C79457-16EF-2A33-82A3-1CDC5BC0E535}.Release|Any CPU.ActiveCfg = Release|Any CPU
		{A1C79457-16EF-2A33-82A3-1CDC5BC0E535}.Release|Any CPU.Build.0 = Release|Any CPU
		{975EFBEC-2559-8240-C7B0-0744725D746F}.Debug|Any CPU.ActiveCfg = Debug|Any CPU
		{975EFBEC-2559-8240-C7B0-0744725D746F}.Debug|Any CPU.Build.0 = Debug|Any CPU
		{975EFBEC-2559-8240-C7B0-0744725D746F}.Release|Any CPU.ActiveCfg = Release|Any CPU
		{975EFBEC-2559-8240-C7B0-0744725D746F}.Release|Any CPU.Build.0 = Release|Any CPU
	EndGlobalSection
	GlobalSection(SolutionProperties) = preSolution
		HideSolutionNode = FALSE
	EndGlobalSection
	
EndGlobal
